// !$*UTF8*$!
{
	archiveVersion = 1;
	classes = {
	};
	objectVersion = 46;
	objects = {

/* Begin PBXBuildFile section */
		304FE7B71B81183000CF6405 /* AppDelegate.swift in Sources */ = {isa = PBXBuildFile; fileRef = 304FE7B61B81183000CF6405 /* AppDelegate.swift */; };
		304FE7B91B81183000CF6405 /* MasterViewController.swift in Sources */ = {isa = PBXBuildFile; fileRef = 304FE7B81B81183000CF6405 /* MasterViewController.swift */; };
		304FE7BB1B81183000CF6405 /* DetailViewController.swift in Sources */ = {isa = PBXBuildFile; fileRef = 304FE7BA1B81183000CF6405 /* DetailViewController.swift */; };
		304FE7BE1B81183000CF6405 /* Main.storyboard in Resources */ = {isa = PBXBuildFile; fileRef = 304FE7BC1B81183000CF6405 /* Main.storyboard */; };
		304FE7C01B81183000CF6405 /* Images.xcassets in Resources */ = {isa = PBXBuildFile; fileRef = 304FE7BF1B81183000CF6405 /* Images.xcassets */; };
		304FE7C31B81183000CF6405 /* LaunchScreen.xib in Resources */ = {isa = PBXBuildFile; fileRef = 304FE7C11B81183000CF6405 /* LaunchScreen.xib */; };
		304FE7CF1B81183000CF6405 /* Project_9Tests.swift in Sources */ = {isa = PBXBuildFile; fileRef = 304FE7CE1B81183000CF6405 /* Project_9Tests.swift */; };
/* End PBXBuildFile section */

/* Begin PBXContainerItemProxy section */
		304FE7C91B81183000CF6405 /* PBXContainerItemProxy */ = {
			isa = PBXContainerItemProxy;
			containerPortal = 304FE7A91B81183000CF6405 /* Project object */;
			proxyType = 1;
			remoteGlobalIDString = 304FE7B01B81183000CF6405;
			remoteInfo = "Project 9";
		};
/* End PBXContainerItemProxy section */

/* Begin PBXFileReference section */
		304FE7B11B81183000CF6405 /* Project 9.app */ = {isa = PBXFileReference; explicitFileType = wrapper.application; includeInIndex = 0; path = "Project 9.app"; sourceTree = BUILT_PRODUCTS_DIR; };
		304FE7B51B81183000CF6405 /* Info.plist */ = {isa = PBXFileReference; lastKnownFileType = text.plist.xml; path = Info.plist; sourceTree = "<group>"; };
		304FE7B61B81183000CF6405 /* AppDelegate.swift */ = {isa = PBXFileReference; lastKnownFileType = sourcecode.swift; path = AppDelegate.swift; sourceTree = "<group>"; };
		304FE7B81B81183000CF6405 /* MasterViewController.swift */ = {isa = PBXFileReference; lastKnownFileType = sourcecode.swift; path = MasterViewController.swift; sourceTree = "<group>"; };
		304FE7BA1B81183000CF6405 /* DetailViewController.swift */ = {isa = PBXFileReference; lastKnownFileType = sourcecode.swift; path = DetailViewController.swift; sourceTree = "<group>"; };
		304FE7BD1B81183000CF6405 /* Base */ = {isa = PBXFileReference; lastKnownFileType = file.storyboard; name = Base; path = Base.lproj/Main.storyboard; sourceTree = "<group>"; };
		304FE7BF1B81183000CF6405 /* Images.xcassets */ = {isa = PBXFileReference; lastKnownFileType = folder.assetcatalog; path = Images.xcassets; sourceTree = "<group>"; };
		304FE7C21B81183000CF6405 /* Base */ = {isa = PBXFileReference; lastKnownFileType = file.xib; name = Base; path = Base.lproj/LaunchScreen.xib; sourceTree = "<group>"; };
		304FE7C81B81183000CF6405 /* Project 9Tests.xctest */ = {isa = PBXFileReference; explicitFileType = wrapper.cfbundle; includeInIndex = 0; path = "Project 9Tests.xctest"; sourceTree = BUILT_PRODUCTS_DIR; };
		304FE7CD1B81183000CF6405 /* Info.plist */ = {isa = PBXFileReference; lastKnownFileType = text.plist.xml; path = Info.plist; sourceTree = "<group>"; };
		304FE7CE1B81183000CF6405 /* Project_9Tests.swift */ = {isa = PBXFileReference; lastKnownFileType = sourcecode.swift; path = Project_9Tests.swift; sourceTree = "<group>"; };
/* End PBXFileReference section */

/* Begin PBXFrameworksBuildPhase section */
		304FE7AE1B81183000CF6405 /* Frameworks */ = {
			isa = PBXFrameworksBuildPhase;
			buildActionMask = 2147483647;
			files = (
			);
			runOnlyForDeploymentPostprocessing = 0;
		};
		304FE7C51B81183000CF6405 /* Frameworks */ = {
			isa = PBXFrameworksBuildPhase;
			buildActionMask = 2147483647;
			files = (
			);
			runOnlyForDeploymentPostprocessing = 0;
		};
/* End PBXFrameworksBuildPhase section */

/* Begin PBXGroup section */
		304FE7A81B81183000CF6405 = {
			isa = PBXGroup;
			children = (
				304FE7B31B81183000CF6405 /* Project 9 */,
				304FE7CB1B81183000CF6405 /* Project 9Tests */,
				304FE7B21B81183000CF6405 /* Products */,
			);
			sourceTree = "<group>";
		};
		304FE7B21B81183000CF6405 /* Products */ = {
			isa = PBXGroup;
			children = (
				304FE7B11B81183000CF6405 /* Project 9.app */,
				304FE7C81B81183000CF6405 /* Project 9Tests.xctest */,
			);
			name = Products;
			sourceTree = "<group>";
		};
		304FE7B31B81183000CF6405 /* Project 9 */ = {
			isa = PBXGroup;
			children = (
				304FE7B61B81183000CF6405 /* AppDelegate.swift */,
				304FE7B81B81183000CF6405 /* MasterViewController.swift */,
				304FE7BA1B81183000CF6405 /* DetailViewController.swift */,
				304FE7BC1B81183000CF6405 /* Main.storyboard */,
				304FE7BF1B81183000CF6405 /* Images.xcassets */,
				304FE7C11B81183000CF6405 /* LaunchScreen.xib */,
				304FE7B41B81183000CF6405 /* Supporting Files */,
			);
			path = "Project 9";
			sourceTree = "<group>";
		};
		304FE7B41B81183000CF6405 /* Supporting Files */ = {
			isa = PBXGroup;
			children = (
				304FE7B51B81183000CF6405 /* Info.plist */,
			);
			name = "Supporting Files";
			sourceTree = "<group>";
		};
		304FE7CB1B81183000CF6405 /* Project 9Tests */ = {
			isa = PBXGroup;
			children = (
				304FE7CE1B81183000CF6405 /* Project_9Tests.swift */,
				304FE7CC1B81183000CF6405 /* Supporting Files */,
			);
			path = "Project 9Tests";
			sourceTree = "<group>";
		};
		304FE7CC1B81183000CF6405 /* Supporting Files */ = {
			isa = PBXGroup;
			children = (
				304FE7CD1B81183000CF6405 /* Info.plist */,
			);
			name = "Supporting Files";
			sourceTree = "<group>";
		};
/* End PBXGroup section */

/* Begin PBXNativeTarget section */
		304FE7B01B81183000CF6405 /* Project 9 */ = {
			isa = PBXNativeTarget;
			buildConfigurationList = 304FE7D21B81183000CF6405 /* Build configuration list for PBXNativeTarget "Project 9" */;
			buildPhases = (
				304FE7AD1B81183000CF6405 /* Sources */,
				304FE7AE1B81183000CF6405 /* Frameworks */,
				304FE7AF1B81183000CF6405 /* Resources */,
			);
			buildRules = (
			);
			dependencies = (
			);
			name = "Project 9";
			productName = "Project 9";
			productReference = 304FE7B11B81183000CF6405 /* Project 9.app */;
			productType = "com.apple.product-type.application";
		};
		304FE7C71B81183000CF6405 /* Project 9Tests */ = {
			isa = PBXNativeTarget;
			buildConfigurationList = 304FE7D51B81183000CF6405 /* Build configuration list for PBXNativeTarget "Project 9Tests" */;
			buildPhases = (
				304FE7C41B81183000CF6405 /* Sources */,
				304FE7C51B81183000CF6405 /* Frameworks */,
				304FE7C61B81183000CF6405 /* Resources */,
			);
			buildRules = (
			);
			dependencies = (
				304FE7CA1B81183000CF6405 /* PBXTargetDependency */,
			);
			name = "Project 9Tests";
			productName = "Project 9Tests";
			productReference = 304FE7C81B81183000CF6405 /* Project 9Tests.xctest */;
			productType = "com.apple.product-type.bundle.unit-test";
		};
/* End PBXNativeTarget section */

/* Begin PBXProject section */
		304FE7A91B81183000CF6405 /* Project object */ = {
			isa = PBXProject;
			attributes = {
				LastUpgradeCheck = 0640;
				ORGANIZATIONNAME = "Nolan Flatt";
				TargetAttributes = {
					304FE7B01B81183000CF6405 = {
						CreatedOnToolsVersion = 6.4;
					};
					304FE7C71B81183000CF6405 = {
						CreatedOnToolsVersion = 6.4;
						TestTargetID = 304FE7B01B81183000CF6405;
					};
				};
			};
			buildConfigurationList = 304FE7AC1B81183000CF6405 /* Build configuration list for PBXProject "Project 9" */;
			compatibilityVersion = "Xcode 3.2";
			developmentRegion = English;
			hasScannedForEncodings = 0;
			knownRegions = (
				en,
				Base,
			);
			mainGroup = 304FE7A81B81183000CF6405;
			productRefGroup = 304FE7B21B81183000CF6405 /* Products */;
			projectDirPath = "";
			projectRoot = "";
			targets = (
				304FE7B01B81183000CF6405 /* Project 9 */,
				304FE7C71B81183000CF6405 /* Project 9Tests */,
			);
		};
/* End PBXProject section */

/* Begin PBXResourcesBuildPhase section */
		304FE7AF1B81183000CF6405 /* Resources */ = {
			isa = PBXResourcesBuildPhase;
			buildActionMask = 2147483647;
			files = (
				304FE7BE1B81183000CF6405 /* Main.storyboard in Resources */,
				304FE7C31B81183000CF6405 /* LaunchScreen.xib in Resources */,
				304FE7C01B81183000CF6405 /* Images.xcassets in Resources */,
			);
			runOnlyForDeploymentPostprocessing = 0;
		};
		304FE7C61B81183000CF6405 /* Resources */ = {
			isa = PBXResourcesBuildPhase;
			buildActionMask = 2147483647;
			files = (
			);
			runOnlyForDeploymentPostprocessing = 0;
		};
/* End PBXResourcesBuildPhase section */

/* Begin PBXSourcesBuildPhase section */
		304FE7AD1B81183000CF6405 /* Sources */ = {
			isa = PBXSourcesBuildPhase;
			buildActionMask = 2147483647;
			files = (
				304FE7BB1B81183000CF6405 /* DetailViewController.swift in Sources */,
				304FE7B91B81183000CF6405 /* MasterViewController.swift in Sources */,
				304FE7B71B81183000CF6405 /* AppDelegate.swift in Sources */,
			);
			runOnlyForDeploymentPostprocessing = 0;
		};
		304FE7C41B81183000CF6405 /* Sources */ = {
			isa = PBXSourcesBuildPhase;
			buildActionMask = 2147483647;
			files = (
				304FE7CF1B81183000CF6405 /* Project_9Tests.swift in Sources */,
			);
			runOnlyForDeploymentPostprocessing = 0;
		};
/* End PBXSourcesBuildPhase section */

/* Begin PBXTargetDependency section */
		304FE7CA1B81183000CF6405 /* PBXTargetDependency */ = {
			isa = PBXTargetDependency;
			target = 304FE7B01B81183000CF6405 /* Project 9 */;
			targetProxy = 304FE7C91B81183000CF6405 /* PBXContainerItemProxy */;
		};
/* End PBXTargetDependency section */

/* Begin PBXVariantGroup section */
		304FE7BC1B81183000CF6405 /* Main.storyboard */ = {
			isa = PBXVariantGroup;
			children = (
				304FE7BD1B81183000CF6405 /* Base */,
			);
			name = Main.storyboard;
			sourceTree = "<group>";
		};
		304FE7C11B81183000CF6405 /* LaunchScreen.xib */ = {
			isa = PBXVariantGroup;
			children = (
				304FE7C21B81183000CF6405 /* Base */,
			);
			name = LaunchScreen.xib;
			sourceTree = "<group>";
		};
/* End PBXVariantGroup section */

/* Begin XCBuildConfiguration section */
		304FE7D01B81183000CF6405 /* Debug */ = {
			isa = XCBuildConfiguration;
			buildSettings = {
				ALWAYS_SEARCH_USER_PATHS = NO;
				CLANG_CXX_LANGUAGE_STANDARD = "gnu++0x";
				CLANG_CXX_LIBRARY = "libc++";
				CLANG_ENABLE_MODULES = YES;
				CLANG_ENABLE_OBJC_ARC = YES;
				CLANG_WARN_BOOL_CONVERSION = YES;
				CLANG_WARN_CONSTANT_CONVERSION = YES;
				CLANG_WARN_DIRECT_OBJC_ISA_USAGE = YES_ERROR;
				CLANG_WARN_EMPTY_BODY = YES;
				CLANG_WARN_ENUM_CONVERSION = YES;
				CLANG_WARN_INT_CONVERSION = YES;
				CLANG_WARN_OBJC_ROOT_CLASS = YES_ERROR;
				CLANG_WARN_UNREACHABLE_CODE = YES;
				CLANG_WARN__DUPLICATE_METHOD_MATCH = YES;
				"CODE_SIGN_IDENTITY[sdk=iphoneos*]" = "iPhone Developer";
				COPY_PHASE_STRIP = NO;
				DEBUG_INFORMATION_FORMAT = "dwarf-with-dsym";
				ENABLE_STRICT_OBJC_MSGSEND = YES;
				GCC_C_LANGUAGE_STANDARD = gnu99;
				GCC_DYNAMIC_NO_PIC = NO;
				GCC_NO_COMMON_BLOCKS = YES;
				GCC_OPTIMIZATION_LEVEL = 0;
				GCC_PREPROCESSOR_DEFINITIONS = (
					"DEBUG=1",
					"$(inherited)",
				);
				GCC_SYMBOLS_PRIVATE_EXTERN = NO;
				GCC_WARN_64_TO_32_BIT_CONVERSION = YES;
				GCC_WARN_ABOUT_RETURN_TYPE = YES_ERROR;
				GCC_WARN_UNDECLARED_SELECTOR = YES;
				GCC_WARN_UNINITIALIZED_AUTOS = YES_AGGRESSIVE;
				GCC_WARN_UNUSED_FUNCTION = YES;
				GCC_WARN_UNUSED_VARIABLE = YES;
				IPHONEOS_DEPLOYMENT_TARGET = 8.4;
				MTL_ENABLE_DEBUG_INFO = YES;
				ONLY_ACTIVE_ARCH = YES;
				SDKROOT = iphoneos;
				SWIFT_OPTIMIZATION_LEVEL = "-Onone";
			};
			name = Debug;
		};
		304FE7D11B81183000CF6405 /* Release */ = {
			isa = XCBuildConfiguration;
			buildSettings = {
				ALWAYS_SEARCH_USER_PATHS = NO;
				CLANG_CXX_LANGUAGE_STANDARD = "gnu++0x";
				CLANG_CXX_LIBRARY = "libc++";
				CLANG_ENABLE_MODULES = YES;
				CLANG_ENABLE_OBJC_ARC = YES;
				CLANG_WARN_BOOL_CONVERSION = YES;
				CLANG_WARN_CONSTANT_CONVERSION = YES;
				CLANG_WARN_DIRECT_OBJC_ISA_USAGE = YES_ERROR;
				CLANG_WARN_EMPTY_BODY = YES;
				CLANG_WARN_ENUM_CONVERSION = YES;
				CLANG_WARN_INT_CONVERSION = YES;
				CLANG_WARN_OBJC_ROOT_CLASS = YES_ERROR;
				CLANG_WARN_UNREACHABLE_CODE = YES;
				CLANG_WARN__DUPLICATE_METHOD_MATCH = YES;
				"CODE_SIGN_IDENTITY[sdk=iphoneos*]" = "iPhone Developer";
				COPY_PHASE_STRIP = NO;
				DEBUG_INFORMATION_FORMAT = "dwarf-with-dsym";
				ENABLE_NS_ASSERTIONS = NO;
				ENABLE_STRICT_OBJC_MSGSEND = YES;
				GCC_C_LANGUAGE_STANDARD = gnu99;
				GCC_NO_COMMON_BLOCKS = YES;
				GCC_WARN_64_TO_32_BIT_CONVERSION = YES;
				GCC_WARN_ABOUT_RETURN_TYPE = YES_ERROR;
				GCC_WARN_UNDECLARED_SELECTOR = YES;
				GCC_WARN_UNINITIALIZED_AUTOS = YES_AGGRESSIVE;
				GCC_WARN_UNUSED_FUNCTION = YES;
				GCC_WARN_UNUSED_VARIABLE = YES;
				IPHONEOS_DEPLOYMENT_TARGET = 8.4;
				MTL_ENABLE_DEBUG_INFO = NO;
				SDKROOT = iphoneos;
				VALIDATE_PRODUCT = YES;
			};
			name = Release;
		};
		304FE7D31B81183000CF6405 /* Debug */ = {
			isa = XCBuildConfiguration;
			buildSettings = {
				ASSETCATALOG_COMPILER_APPICON_NAME = AppIcon;
				INFOPLIST_FILE = "Project 9/Info.plist";
				LD_RUNPATH_SEARCH_PATHS = "$(inherited) @executable_path/Frameworks";
				PRODUCT_NAME = "$(TARGET_NAME)";
			};
			name = Debug;
		};
		304FE7D41B81183000CF6405 /* Release */ = {
			isa = XCBuildConfiguration;
			buildSettings = {
				ASSETCATALOG_COMPILER_APPICON_NAME = AppIcon;
				INFOPLIST_FILE = "Project 9/Info.plist";
				LD_RUNPATH_SEARCH_PATHS = "$(inherited) @executable_path/Frameworks";
				PRODUCT_NAME = "$(TARGET_NAME)";
			};
			name = Release;
		};
		304FE7D61B81183000CF6405 /* Debug */ = {
			isa = XCBuildConfiguration;
			buildSettings = {
				BUNDLE_LOADER = "$(TEST_HOST)";
				FRAMEWORK_SEARCH_PATHS = (
					"$(SDKROOT)/Developer/Library/Frameworks",
					"$(inherited)",
				);
				GCC_PREPROCESSOR_DEFINITIONS = (
					"DEBUG=1",
					"$(inherited)",
				);
				INFOPLIST_FILE = "Project 9Tests/Info.plist";
				LD_RUNPATH_SEARCH_PATHS = "$(inherited) @executable_path/Frameworks @loader_path/Frameworks";
				PRODUCT_NAME = "$(TARGET_NAME)";
				TEST_HOST = "$(BUILT_PRODUCTS_DIR)/Project 9.app/Project 9";
			};
			name = Debug;
		};
		304FE7D71B81183000CF6405 /* Release */ = {
			isa = XCBuildConfiguration;
			buildSettings = {
				BUNDLE_LOADER = "$(TEST_HOST)";
				FRAMEWORK_SEARCH_PATHS = (
					"$(SDKROOT)/Developer/Library/Frameworks",
					"$(inherited)",
				);
				INFOPLIST_FILE = "Project 9Tests/Info.plist";
				LD_RUNPATH_SEARCH_PATHS = "$(inherited) @executable_path/Frameworks @loader_path/Frameworks";
				PRODUCT_NAME = "$(TARGET_NAME)";
				TEST_HOST = "$(BUILT_PRODUCTS_DIR)/Project 9.app/Project 9";
			};
			name = Release;
		};
/* End XCBuildConfiguration section */

/* Begin XCConfigurationList section */
		304FE7AC1B81183000CF6405 /* Build configuration list for PBXProject "Project 9" */ = {
			isa = XCConfigurationList;
			buildConfigurations = (
				304FE7D01B81183000CF6405 /* Debug */,
				304FE7D11B81183000CF6405 /* Release */,
			);
			defaultConfigurationIsVisible = 0;
			defaultConfigurationName = Release;
		};
		304FE7D21B81183000CF6405 /* Build configuration list for PBXNativeTarget "Project 9" */ = {
			isa = XCConfigurationList;
			buildConfigurations = (
				304FE7D31B81183000CF6405 /* Debug */,
				304FE7D41B81183000CF6405 /* Release */,
			);
			defaultConfigurationIsVisible = 0;
		};
		304FE7D51B81183000CF6405 /* Build configuration list for PBXNativeTarget "Project 9Tests" */ = {
			isa = XCConfigurationList;
			buildConfigurations = (
				304FE7D61B81183000CF6405 /* Debug */,
				304FE7D71B81183000CF6405 /* Release */,
			);
			defaultConfigurationIsVisible = 0;
		};
/* End XCConfigurationList section */
	};
	rootObject = 304FE7A91B81183000CF6405 /* Project object */;
}
